
Microsoft Visual Studio Solution File, Format Version 12.00
# Visual Studio Version 17
VisualStudioVersion = 17.3.32929.385
MinimumVisualStudioVersion = 10.0.40219.1
Project("{9A19103F-16F7-4668-BE54-9A1E7A4F7556}") = "BPTest", "BPTest\BPTest.csproj", "{80D9BEDE-6950-44C0-BA6D-006B36B88726}"
EndProject
Project("{9A19103F-16F7-4668-BE54-9A1E7A4F7556}") = "Hallo_Welt", "G:\Coding\Booking Program\BP Source Code\Learn_cs-main\Learn_cs-main\Hallo_Welt\Hallo_Welt.csproj", "{5236F67E-77F7-46CF-A6E0-58EE3EA8F32A}"
EndProject
Global
	GlobalSection(SolutionConfigurationPlatforms) = preSolution
		Debug|Any CPU = Debug|Any CPU
		Release|Any CPU = Release|Any CPU
	EndGlobalSection
	GlobalSection(ProjectConfigurationPlatforms) = postSolution
		{80D9BEDE-6950-44C0-BA6D-006B36B88726}.Debug|Any CPU.ActiveCfg = Debug|Any CPU
		{80D9BEDE-6950-44C0-BA6D-006B36B88726}.Debug|Any CPU.Build.0 = Debug|Any CPU
		{80D9BEDE-6950-44C0-BA6D-006B36B88726}.Release|Any CPU.ActiveCfg = Release|Any CPU
		{80D9BEDE-6950-44C0-BA6D-006B36B88726}.Release|Any CPU.Build.0 = Release|Any CPU
		{5236F67E-77F7-46CF-A6E0-58EE3EA8F32A}.Debug|Any CPU.ActiveCfg = Debug|Any CPU
		{5236F67E-77F7-46CF-A6E0-58EE3EA8F32A}.Debug|Any CPU.Build.0 = Debug|Any CPU
		{5236F67E-77F7-46CF-A6E0-58EE3EA8F32A}.Release|Any CPU.ActiveCfg = Release|Any CPU
		{5236F67E-77F7-46CF-A6E0-58EE3EA8F32A}.Release|Any CPU.Build.0 = Release|Any CPU
	EndGlobalSection
	GlobalSection(SolutionProperties) = preSolution
		HideSolutionNode = FALSE
	EndGlobalSection
	GlobalSection(ExtensibilityGlobals) = postSolution
		SolutionGuid = {4DAA30D7-F046-48B1-9959-1E8BCA0B1F85}
	EndGlobalSection
EndGlobal
